cel.dev/expr v0.24.0 h1:56OvJKSH3hDGL0ml5uSxZmz3/3Pq4tJ+fb1unVLAFcY=
cel.dev/expr v0.24.0/go.mod h1:hLPLo1W4QUmuYdA72RBX06QTs6MXw941piREPl3Yfiw=
cloud.google.com/go v0.123.0 h1:2NAUJwPR47q+E35uaJeYoNhuNEM9kM8SjgRgdeOJUSE=
cloud.google.com/go v0.123.0/go.mod h1:xBoMV08QcqUGuPW65Qfm1o9Y4zKZBpGS+7bImXLTAZU=
cloud.google.com/go/auth v0.17.0 h1:74yCm7hCj2rUyyAocqnFzsAYXgJhrG26XCFimrc/Kz4=
cloud.google.com/go/auth v0.17.0/go.mod h1:6wv/t5/6rOPAX4fJiRjKkJCvswLwdet7G8+UGXt7nCQ=
cloud.google.com/go/auth/oauth2adapt v0.2.8 h1:keo8NaayQZ6wimpNSmW5OPc283g65QNIiLpZnkHRbnc=
cloud.google.com/go/auth/oauth2adapt v0.2.8/go.mod h1:XQ9y31RkqZCcwJWNSx2Xvric3RrU88hAYYbjDWYDL+c=
cloud.google.com/go/compute/metadata v0.9.0 h1:pDUj4QMoPejqq20dK0Pg2N4yG9zIkYGdBtwLoEkH9Zs=
cloud.google.com/go/compute/metadata v0.9.0/go.mod h1:E0bWwX5wTnLPedCKqk3pJmVgCBSM6qQI1yTBdEb3C10=
cloud.google.com/go/deploy v1.27.3 h1:QU8gLXsXDRqLyEWNrI6zJiVzuuOBX/WpMi4p0oexV+c=
cloud.google.com/go/deploy v1.27.3/go.mod h1:7LFIYYTSSdljYRqY3n+JSmIFdD4lv6aMD5xg0crB5iw=
cloud.google.com/go/iam v1.5.3 h1:+vMINPiDF2ognBJ97ABAYYwRgsaqxPbQDlMnbHMjolc=
cloud.google.com/go/iam v1.5.3/go.mod h1:MR3v9oLkZCTlaqljW6Eb2d3HGDGK5/bDv93jhfISFvU=
cloud.google.com/go/logging v1.13.0 h1:7j0HgAp0B94o1YRDqiqm26w4q1rDMH7XNRU34lJXHYc=
cloud.google.com/go/logging v1.13.0/go.mod h1:36CoKh6KA/M0PbhPKMq6/qety2DCAErbhXT62TuXALA=
cloud.google.com/go/longrunning v0.7.0 h1:FV0+SYF1RIj59gyoWDRi45GiYUMM3K1qO51qoboQT1E=
cloud.google.com/go/longrunning v0.7.0/go.mod h1:ySn2yXmjbK9Ba0zsQqunhDkYi0+9rlXIwnoAf+h+TPY=
cloud.google.com/go/monitoring v1.24.3 h1:dde+gMNc0UhPZD1Azu6at2e79bfdztVDS5lvhOdsgaE=
cloud.google.com/go/monitoring v1.24.3/go.mod h1:nYP6W0tm3N9H/bOw8am7t62YTzZY+zUeQ+Bi6+2eonI=
cloud.google.com/go/run v1.12.1 h1:zoXZ+vavS6k8wzEPlxMuh5rGkhQb5CAzrcfSFBInlS4=
cloud.google.com/go/run v1.12.1/go.mod h1:DdMsf2m0/n3WHNDcyoqZmfE+LMd/uEJ7j1yIooDrgXU=
cloud.google.com/go/secretmanager v1.15.1 h1:OC9KtdV7eZ4SGQOzFR/qltXbSW6mYiRF4O+ajKYMs1s=
cloud.google.com/go/secretmanager v1.15.1/go.mod h1://C/e4I8D26SDTz1f3TQcddhcmiC3rMEl0S1Cakvs3Q=
cloud.google.com/go/storage v1.57.0 h1:4g7NB7Ta7KetVbOMpCqy89C+Vg5VE8scqlSHUPm7Rds=
cloud.google.com/go/storage v1.57.0/go.mod h1:329cwlpzALLgJuu8beyJ/uvQznDHpa2U5lGjWednkzg=
cloud.google.com/go/trace v1.11.7 h1:kDNDX8JkaAG3R2nq1lIdkb7FCSi1rCmsEtKVsty7p+U=
cloud.google.com/go/trace v1.11.7/go.mod h1:TNn9d5V3fQVf6s4SCveVMIBS2LJUqo73GACmq/Tky0s=
dario.cat/mergo v1.0.2 h1:85+piFYR1tMbRrLcDwR18y4UKJ3aH1Tbzi24VRW1TK8=
dario.cat/mergo v1.0.2/go.mod h1:E/hbnu0NxMFBjpMIE34DRGLWqDy0g5FuKDhCb31ngxA=
github.com/GoogleCloudPlatform/opentelemetry-operations-go/detectors/gcp v1.30.0 h1:sBEjpZlNHzK1voKq9695PJSX2o5NEXl7/OL3coiIY0c=
github.com/GoogleCloudPlatform/opentelemetry-operations-go/detectors/gcp v1.30.0/go.mod h1:P4WPRUkOhJC13W//jWpyfJNDAIpvRbAUIYLX/4jtlE0=
github.com/GoogleCloudPlatform/opentelemetry-operations-go/exporter/metric v0.54.0 h1:lhhYARPUu3LmHysQ/igznQphfzynnqI3D75oUyw1HXk=
github.com/GoogleCloudPlatform/opentelemetry-operations-go/exporter/metric v0.54.0/go.mod h1:l9rva3ApbBpEJxSNYnwT9N4CDLrWgtq3u8736C5hyJw=
github.com/GoogleCloudPlatform/opentelemetry-operations-go/internal/cloudmock v0.54.0 h1:xfK3bbi6F2RDtaZFtUdKO3osOBIhNb+xTs8lFW6yx9o=
github.com/GoogleCloudPlatform/opentelemetry-operations-go/internal/cloudmock v0.54.0/go.mod h1:vB2GH9GAYYJTO3mEn8oYwzEdhlayZIdQz6zdzgUIRvA=
github.com/GoogleCloudPlatform/opentelemetry-operations-go/internal/resourcemapping v0.54.0 h1:s0WlVbf9qpvkh1c/uDAPElam0WrL7fHRIidgZJ7UqZI=
github.com/GoogleCloudPlatform/opentelemetry-operations-go/internal/resourcemapping v0.54.0/go.mod h1:Mf6O40IAyB9zR/1J8nGDDPirZQQPbYJni8Yisy7NTMc=
github.com/Microsoft/go-winio v0.5.2/go.mod h1:WpS1mjBmmwHBEWmogvA2mj8546UReBk4v8QkMxJ6pZY=
github.com/Microsoft/go-winio v0.6.2 h1:F2VQgta7ecxGYO8k3ZZz3RS8fVIXVxONVUPlNERoyfY=
github.com/Microsoft/go-winio v0.6.2/go.mod h1:yd8OoFMLzJbo9gZq8j5qaps8bJ9aShtEA8Ipt1oGCvU=
github.com/ProtonMail/go-crypto v1.3.0 h1:ILq8+Sf5If5DCpHQp4PbZdS1J7HDFRXz/+xKBiRGFrw=
github.com/ProtonMail/go-crypto v1.3.0/go.mod h1:9whxjD8Rbs29b4XWbB8irEcE8KHMqaR2e7GWU1R+/PE=
github.com/agext/levenshtein v1.2.3 h1:YB2fHEn0UJagG8T1rrWknE3ZQzWM06O8AMAatNn7lmo=
github.com/agext/levenshtein v1.2.3/go.mod h1:JEDfjyjHDjOF/1e4FlBE/PkbqA9OfWu2ki2W0IB5558=
github.com/anmitsu/go-shlex v0.0.0-20200514113438-38f4b401e2be h1:9AeTilPcZAjCFIImctFaOjnTIavg87rW78vTPkQqLI8=
github.com/anmitsu/go-shlex v0.0.0-20200514113438-38f4b401e2be/go.mod h1:ySMOLuWl6zY27l47sB3qLNK6tF2fkHG55UZxx8oIVo4=
github.com/apparentlymart/go-textseg/v15 v15.0.0 h1:uYvfpb3DyLSCGWnctWKGj857c6ew1u1fNQOlOtuGxQY=
github.com/apparentlymart/go-textseg/v15 v15.0.0/go.mod h1:K8XmNZdhEBkdlyDdvbmmsvpAG721bKi0joRfFdHIWJ4=
github.com/armon/go-socks5 v0.0.0-20160902184237-e75332964ef5 h1:0CwZNZbxp69SHPdPJAN/hZIm0C4OItdklCFmMRWYpio=
github.com/armon/go-socks5 v0.0.0-20160902184237-e75332964ef5/go.mod h1:wHh0iHkYZB8zMSxRWpUBQtwG5a7fFgvEO+odwuTv2gs=
github.com/atc0005/go-teams-notify/v2 v2.13.0 h1:nbDeHy89NjYlF/PEfLVF6lsserY9O5SnN1iOIw3AxXw=
github.com/atc0005/go-teams-notify/v2 v2.13.0/go.mod h1:WSv9moolRsBcpZbwEf6gZxj7h0uJlJskJq5zkEWKO8Y=
github.com/aws/aws-sdk-go-v2 v1.39.2 h1:EJLg8IdbzgeD7xgvZ+I8M1e0fL0ptn/M47lianzth0I=
github.com/aws/aws-sdk-go-v2 v1.39.2/go.mod h1:sDioUELIUO9Znk23YVmIk86/9DOpkbyyVb1i/gUNFXY=
github.com/aws/aws-sdk-go-v2/aws/protocol/eventstream v1.7.1 h1:i8p8P4diljCr60PpJp6qZXNlgX4m2yQFpYk+9ZT+J4E=
github.com/aws/aws-sdk-go-v2/aws/protocol/eventstream v1.7.1/go.mod h1:ddqbooRZYNoJ2dsTwOty16rM+/Aqmk/GOXrK8cg7V00=
github.com/aws/aws-sdk-go-v2/config v1.31.12 h1:pYM1Qgy0dKZLHX2cXslNacbcEFMkDMl+Bcj5ROuS6p8=
github.com/aws/aws-sdk-go-v2/config v1.31.12/go.mod h1:/MM0dyD7KSDPR+39p9ZNVKaHDLb9qnfDurvVS2KAhN8=
github.com/aws/aws-sdk-go-v2/credentials v1.18.16 h1:4JHirI4zp958zC026Sm+V4pSDwW4pwLefKrc0bF2lwI=
github.com/aws/aws-sdk-go-v2/credentials v1.18.16/go.mod h1:qQMtGx9OSw7ty1yLclzLxXCRbrkjWAM7JnObZjmCB7I=
github.com/aws/aws-sdk-go-v2/feature/ec2/imds v1.18.9 h1:Mv4Bc0mWmv6oDuSWTKnk+wgeqPL5DRFu5bQL9BGPQ8Y=
github.com/aws/aws-sdk-go-v2/feature/ec2/imds v1.18.9/go.mod h1:IKlKfRppK2a1y0gy1yH6zD+yX5uplJ6UuPlgd48dJiQ=
github.com/aws/aws-sdk-go-v2/internal/configsources v1.4.9 h1:se2vOWGD3dWQUtfn4wEjRQJb1HK1XsNIt825gskZ970=
github.com/aws/aws-sdk-go-v2/internal/configsources v1.4.9/go.mod h1:hijCGH2VfbZQxqCDN7bwz/4dzxV+hkyhjawAtdPWKZA=
github.com/aws/aws-sdk-go-v2/internal/endpoints/v2 v2.7.9 h1:6RBnKZLkJM4hQ+kN6E7yWFveOTg8NLPHAkqrs4ZPlTU=
github.com/aws/aws-sdk-go-v2/internal/endpoints/v2 v2.7.9/go.mod h1:V9rQKRmK7AWuEsOMnHzKj8WyrIir1yUJbZxDuZLFvXI=
github.com/aws/aws-sdk-go-v2/internal/ini v1.8.3 h1:bIqFDwgGXXN1Kpp99pDOdKMTTb5d2KyU5X/BZxjOkRo=
github.com/aws/aws-sdk-go-v2/internal/ini v1.8.3/go.mod h1:H5O/EsxDWyU+LP/V8i5sm8cxoZgc2fdNR9bxlOFrQTo=
github.com/aws/aws-sdk-go-v2/internal/v4a v1.4.9 h1:w9LnHqTq8MEdlnyhV4Bwfizd65lfNCNgdlNC6mM5paE=
github.com/aws/aws-sdk-go-v2/internal/v4a v1.4.9/go.mod h1:LGEP6EK4nj+bwWNdrvX/FnDTFowdBNwcSPuZu/ouFys=
github.com/aws/aws-sdk-go-v2/service/cloudwatchlogs v1.58.2 h1:JPW6ND8muLsBwALrf/VXikyokUmGWNKZa88qZWwFGWA=
github.com/aws/aws-sdk-go-v2/service/cloudwatchlogs v1.58.2/go.mod h1:3Dh12t3s/KrpEm7HNfg5RH+XWzi9LW2QI7velkc61ac=
github.com/aws/aws-sdk-go-v2/service/codebuild v1.67.5 h1:IjkLl7nLhE8w32Zv9NKBUdbB6YsFHIN0Y7qek4LO7wQ=
github.com/aws/aws-sdk-go-v2/service/codebuild v1.67.5/go.mod h1:1ayIXbJj20GhTn4zvTQ5mKmDYMg5gs9ICsqR+WvjWrw=
github.com/aws/aws-sdk-go-v2/service/codepipeline v1.46.6 h1:z/82UoTxxmA27/yygFEnx+uIdYY1zyK37vCPKZoXyb4=
github.com/aws/aws-sdk-go-v2/service/codepipeline v1.46.6/go.mod h1:8n32TPTWAAHJ0kAuD0z8TGR0z84ZfYFm9ILkHgkV5Do=
github.com/aws/aws-sdk-go-v2/service/dynamodb v1.51.0 h1:TfglMkeRNYNGkyJ+XOTQJJ/RQb+MBlkiMn2H7DYuZok=
github.com/aws/aws-sdk-go-v2/service/dynamodb v1.51.0/go.mod h1:AdM9p8Ytg90UaNYrZIsOivYeC5cDvTPC2Mqw4/2f2aM=
github.com/aws/aws-sdk-go-v2/service/iam v1.47.7 h1:0EDAdmMTzsgXl++8a0JZ+Yx0/dOqT8o/EONknxlQK94=
github.com/aws/aws-sdk-go-v2/service/iam v1.47.7/go.mod h1:NkNbn/8/mFrPUq0Kg6EM6c0+GaTLG+aPzXxwB7RF5xo=
github.com/aws/aws-sdk-go-v2/service/internal/accept-encoding v1.13.1 h1:oegbebPEMA/1Jny7kvwejowCaHz1FWZAQ94WXFNCyTM=
github.com/aws/aws-sdk-go-v2/service/internal/accept-encoding v1.13.1/go.mod h1:kemo5Myr9ac0U9JfSjMo9yHLtw+pECEHsFtJ9tqCEI8=
github.com/aws/aws-sdk-go-v2/service/internal/checksum v1.9.0 h1:X0FveUndcZ3lKbSpIC6rMYGRiQTcUVRNH6X4yYtIrlU=
github.com/aws/aws-sdk-go-v2/service/internal/checksum v1.9.0/go.mod h1:IWjQYlqw4EX9jw2g3qnEPPWvCE6bS8fKzhMed1OK7c8=
github.com/aws/aws-sdk-go-v2/service/internal/endpoint-discovery v1.11.9 h1:7ILIzhRlYbHmZDdkF15B+RGEO8sGbdSe0RelD0RcV6M=
github.com/aws/aws-sdk-go-v2/service/internal/endpoint-discovery v1.11.9/go.mod h1:6LLPgzztobazqK65Q5qYsFnxwsN0v6cktuIvLC5M7DM=
github.com/aws/aws-sdk-go-v2/service/internal/presigned-url v1.13.9 h1:5r34CgVOD4WZudeEKZ9/iKpiT6cM1JyEROpXjOcdWv8=
github.com/aws/aws-sdk-go-v2/service/internal/presigned-url v1.13.9/go.mod h1:dB12CEbNWPbzO2uC6QSWHteqOg4JfBVJOojbAoAUb5I=
github.com/aws/aws-sdk-go-v2/service/internal/s3shared v1.19.9 h1:wuZ5uW2uhJR63zwNlqWH2W4aL4ZjeJP3o92/W+odDY4=
github.com/aws/aws-sdk-go-v2/service/internal/s3shared v1.19.9/go.mod h1:/G58M2fGszCrOzvJUkDdY8O9kycodunH4VdT5oBAqls=
github.com/aws/aws-sdk-go-v2/service/resourcegroupstaggingapi v1.30.6 h1:c1gIOTNJ6gkocnL33DP1St++uv+f7ClFiUjR5/Pm40o=
github.com/aws/aws-sdk-go-v2/service/resourcegroupstaggingapi v1.30.6/go.mod h1:KJZ2lPXqxMULgTX/ldDAa2WeLAR2qz7vGqLEJLCP1RM=
github.com/aws/aws-sdk-go-v2/service/s3 v1.88.4 h1:mUI3b885qJgfqKDUSj6RgbRqLdX0wGmg8ruM03zNfQA=
github.com/aws/aws-sdk-go-v2/service/s3 v1.88.4/go.mod h1:6v8ukAxc7z4x4oBjGUsLnH7KGLY9Uhcgij19UJNkiMg=
github.com/aws/aws-sdk-go-v2/service/secretsmanager v1.39.6 h1:9PWl450XOG+m5lKv+qg5BXso1eLxpsZLqq7VPug5km0=
github.com/aws/aws-sdk-go-v2/service/secretsmanager v1.39.6/go.mod h1:hwt7auGsDcaNQ8pzLgE2kCNyIWouYlAKSjuUu5Dqr7I=
github.com/aws/aws-sdk-go-v2/service/ssm v1.65.1 h1:TFg6XiS7EsHN0/jpV3eVNczZi/sPIVP5jxIs+euIESQ=
github.com/aws/aws-sdk-go-v2/service/ssm v1.65.1/go.mod h1:OIezd9K0sM/64DDP4kXx/i0NdgXu6R5KE6SCsIPJsjc=
github.com/aws/aws-sdk-go-v2/service/sso v1.29.6 h1:A1oRkiSQOWstGh61y4Wc/yQ04sqrQZr1Si/oAXj20/s=
github.com/aws/aws-sdk-go-v2/service/sso v1.29.6/go.mod h1:5PfYspyCU5Vw1wNPsxi15LZovOnULudOQuVxphSflQA=
github.com/aws/aws-sdk-go-v2/service/ssooidc v1.35.1 h1:5fm5RTONng73/QA73LhCNR7UT9RpFH3hR6HWL6bIgVY=
github.com/aws/aws-sdk-go-v2/service/ssooidc v1.35.1/go.mod h1:xBEjWD13h+6nq+z4AkqSfSvqRKFgDIQeaMguAJndOWo=
github.com/aws/aws-sdk-go-v2/service/sts v1.38.6 h1:p3jIvqYwUZgu/XYeI48bJxOhvm47hZb5HUQ0tn6Q9kA=
github.com/aws/aws-sdk-go-v2/service/sts v1.38.6/go.mod h1:WtKK+ppze5yKPkZ0XwqIVWD4beCwv056ZbPQNoeHqM8=
github.com/aws/smithy-go v1.23.0 h1:8n6I3gXzWJB2DxBDnfxgBaSX6oe0d/t10qGz7OKqMCE=
github.com/aws/smithy-go v1.23.0/go.mod h1:t1ufH5HMublsJYulve2RKmHDC15xu1f26kHCp/HgceI=
github.com/brianvoe/gofakeit/v6 v6.28.0 h1:Xib46XXuQfmlLS2EXRuJpqcw8St6qSZz75OUo0tgAW4=
github.com/brianvoe/gofakeit/v6 v6.28.0/go.mod h1:Xj58BMSnFqcn/fAQeSK+/PLtC5kSb7FJIq4JyGa8vEs=
github.com/cespare/xxhash/v2 v2.3.0 h1:UL815xU9SqsFlibzuggzjXhog7bL6oX9BbNZnL2UFvs=
github.com/cespare/xxhash/v2 v2.3.0/go.mod h1:VGX0DQ3Q6kWi7AoAeZDth3/j3BFtOZR5XLFGgcrjCOs=
github.com/cloudflare/circl v1.6.1 h1:zqIqSPIndyBh1bjLVVDHMPpVKqp8Su/V+6MeDzzQBQ0=
github.com/cloudflare/circl v1.6.1/go.mod h1:uddAzsPgqdMAYatqJ0lsjX1oECcQLIlRpzZh3pJrofs=
github.com/cncf/xds/go v0.0.0-20251014123835-2ee22ca58382 h1:5IeUoAZvqwF6LcCnV99NbhrGKN6ihZgahJv5jKjmZ3k=
github.com/cncf/xds/go v0.0.0-20251014123835-2ee22ca58382/go.mod h1:HlzOvOjVBOfTGSRXRyY0OiCS/3J1akRGQQpRO/7zyF4=
github.com/cyphar/filepath-securejoin v0.5.0 h1:hIAhkRBMQ8nIeuVwcAoymp7MY4oherZdAxD+m0u9zaw=
github.com/cyphar/filepath-securejoin v0.5.0/go.mod h1:Sdj7gXlvMcPZsbhwhQ33GguGLDGQL7h7bg04C/+u9jI=
github.com/davecgh/go-spew v1.1.0/go.mod h1:J7Y8YcW2NihsgmVo/mv3lAwl/skON4iLHjSsI+c5H38=
github.com/davecgh/go-spew v1.1.1/go.mod h1:J7Y8YcW2NihsgmVo/mv3lAwl/skON4iLHjSsI+c5H38=
github.com/davecgh/go-spew v1.1.2-0.20180830191138-d8f796af33cc h1:U9qPSI2PIWSS1VwoXQT9A3Wy9MM3WgvqSxFWenqJduM=
github.com/davecgh/go-spew v1.1.2-0.20180830191138-d8f796af33cc/go.mod h1:J7Y8YcW2NihsgmVo/mv3lAwl/skON4iLHjSsI+c5H38=
github.com/elazarl/goproxy v1.7.2 h1:Y2o6urb7Eule09PjlhQRGNsqRfPmYI3KKQLFpCAV3+o=
github.com/elazarl/goproxy v1.7.2/go.mod h1:82vkLNir0ALaW14Rc399OTTjyNREgmdL2cVoIbS6XaE=
github.com/emirpasic/gods v1.18.1 h1:FXtiHYKDGKCW2KzwZKx0iC0PQmdlorYgdFG9jPXJ1Bc=
github.com/emirpasic/gods v1.18.1/go.mod h1:8tpGGwCnJ5H4r6BWwaV6OrWmMoPhUl5jm/FMNAnJvWQ=
github.com/envoyproxy/go-control-plane v0.13.4 h1:zEqyPVyku6IvWCFwux4x9RxkLOMUL+1vC9xUFv5l2/M=
github.com/envoyproxy/go-control-plane v0.13.4/go.mod h1:kDfuBlDVsSj2MjrLEtRWtHlsWIFcGyB2RMO44Dc5GZA=
github.com/envoyproxy/go-control-plane/envoy v1.35.0 h1:ixjkELDE+ru6idPxcHLj8LBVc2bFP7iBytj353BoHUo=
github.com/envoyproxy/go-control-plane/envoy v1.35.0/go.mod h1:09qwbGVuSWWAyN5t/b3iyVfz5+z8QWGrzkoqm/8SbEs=
github.com/envoyproxy/go-control-plane/ratelimit v0.1.0 h1:/G9QYbddjL25KvtKTv3an9lx6VBE2cnb8wp1vEGNYGI=
github.com/envoyproxy/go-control-plane/ratelimit v0.1.0/go.mod h1:Wk+tMFAFbCXaJPzVVHnPgRKdUdwW/KdbRt94AzgRee4=
github.com/envoyproxy/protoc-gen-validate v1.2.1 h1:DEo3O99U8j4hBFwbJfrz9VtgcDfUKS7KJ7spH3d86P8=
github.com/envoyproxy/protoc-gen-validate v1.2.1/go.mod h1:d/C80l/jxXLdfEIhX1W2TmLfsJ31lvEjwamM4DxlWXU=
github.com/felixge/httpsnoop v1.0.4 h1:NFTV2Zj1bL4mc9sqWACXbQFVBBg2W3GPvqp8/ESS2Wg=
github.com/felixge/httpsnoop v1.0.4/go.mod h1:m8KPJKqk1gH5J9DgRY2ASl2lWCfGKXixSwevea8zH2U=
github.com/gliderlabs/ssh v0.3.8 h1:a4YXD1V7xMF9g5nTkdfnja3Sxy1PVDCj1Zg4Wb8vY6c=
github.com/gliderlabs/ssh v0.3.8/go.mod h1:xYoytBv1sV0aL3CavoDuJIQNURXkkfPA/wxQ1pL1fAU=
github.com/go-git/gcfg v1.5.1-0.20230307220236-3a3c6141e376 h1:+zs/tPmkDkHx3U66DAb0lQFJrpS6731Oaa12ikc+DiI=
github.com/go-git/gcfg v1.5.1-0.20230307220236-3a3c6141e376/go.mod h1:an3vInlBmSxCcxctByoQdvwPiA7DTK7jaaFDBTtu0ic=
github.com/go-git/go-billy/v5 v5.6.2 h1:6Q86EsPXMa7c3YZ3aLAQsMA0VlWmy43r6FHqa/UNbRM=
github.com/go-git/go-billy/v5 v5.6.2/go.mod h1:rcFC2rAsp/erv7CMz9GczHcuD0D32fWzH+MJAU+jaUU=
github.com/go-git/go-git-fixtures/v4 v4.3.2-0.20231010084843-55a94097c399 h1:eMje31YglSBqCdIqdhKBW8lokaMrL3uTkpGYlE2OOT4=
github.com/go-git/go-git-fixtures/v4 v4.3.2-0.20231010084843-55a94097c399/go.mod h1:1OCfN199q1Jm3HZlxleg+Dw/mwps2Wbk9frAWm+4FII=
github.com/go-git/go-git/v5 v5.16.3 h1:Z8BtvxZ09bYm/yYNgPKCzgWtaRqDTgIKRgIRHBfU6Z8=
github.com/go-git/go-git/v5 v5.16.3/go.mod h1:4Ge4alE/5gPs30F2H1esi2gPd69R0C39lolkucHBOp8=
github.com/go-jose/go-jose/v4 v4.1.3 h1:CVLmWDhDVRa6Mi/IgCgaopNosCaHz7zrMeF9MlZRkrs=
github.com/go-jose/go-jose/v4 v4.1.3/go.mod h1:x4oUasVrzR7071A4TnHLGSPpNOm2a21K9Kf04k1rs08=
github.com/go-logr/logr v1.2.2/go.mod h1:jdQByPbusPIv2/zmleS9BjJVeZ6kBagPoEUsqbVz/1A=
github.com/go-logr/logr v1.4.3 h1:CjnDlHq8ikf6E492q6eKboGOC0T8CDaOvkHCIg8idEI=
github.com/go-logr/logr v1.4.3/go.mod h1:9T104GzyrTigFIr8wt5mBrctHMim0Nb2HLGrmQ40KvY=
github.com/go-logr/stdr v1.2.2 h1:hSWxHoqTgW2S2qGc0LTAI563KZ5YKYRhT3MFKZMbjag=
github.com/go-logr/stdr v1.2.2/go.mod h1:mMo/vtBO5dYbehREoey6XUKy/eSumjCCveDpRre4VKE=
github.com/go-test/deep v1.1.1 h1:0r/53hagsehfO4bzD2Pgr/+RgHqhmf+k1Bpse2cTu1U=
github.com/go-test/deep v1.1.1/go.mod h1:5C2ZWiW0ErCdrYzpqxLbTX7MG14M9iiw8DgHncVwcsE=
github.com/golang/groupcache v0.0.0-20241129210726-2c02b8208cf8 h1:f+oWsMOmNPc8JmEHVZIycC7hBoQxHH9pNKQORJNozsQ=
github.com/golang/groupcache v0.0.0-20241129210726-2c02b8208cf8/go.mod h1:wcDNUvekVysuuOpQKo3191zZyTpiI6se1N1ULghS0sw=
github.com/golang/protobuf v1.5.4 h1:i7eJL8qZTpSEXOPTxNKhASYpMn+8e5Q6AdndVa1dWek=
github.com/golang/protobuf v1.5.4/go.mod h1:lnTiLA8Wa4RWRcIUkrtSVa5nRhsEGBg48fD6rSs7xps=
github.com/google/go-cmp v0.7.0 h1:wk8382ETsv4JYUZwIsn6YpYiWiBsYLSJiTsyBybVuN8=
github.com/google/go-cmp v0.7.0/go.mod h1:pXiqmnSA92OHEEa9HXL2W4E7lf9JzCmGVUdgjX3N/iU=
github.com/google/martian/v3 v3.3.3 h1:DIhPTQrbPkgs2yJYdXU/eNACCG5DVQjySNRNlflZ9Fc=
github.com/google/martian/v3 v3.3.3/go.mod h1:iEPrYcgCF7jA9OtScMFQyAlZZ4YXTKEtJ1E6RWzmBA0=
github.com/google/s2a-go v0.1.9 h1:LGD7gtMgezd8a/Xak7mEWL0PjoTQFvpRudN895yqKW0=
github.com/google/s2a-go v0.1.9/go.mod h1:YA0Ei2ZQL3acow2O62kdp9UlnvMmU7kA6Eutn0dXayM=
github.com/google/uuid v1.6.0 h1:NIvaJDMOsjHA8n1jAhLSgzrAzy1Hgr+hNrb57e+94F0=
github.com/google/uuid v1.6.0/go.mod h1:TIyPZe4MgqvfeYDBFedMoGGpEw/LqOeaOT+nhxU+yHo=
github.com/googleapis/enterprise-certificate-proxy v0.3.6 h1:GW/XbdyBFQ8Qe+YAmFU9uHLo7OnF5tL52HFAgMmyrf4=
github.com/googleapis/enterprise-certificate-proxy v0.3.6/go.mod h1:MkHOF77EYAE7qfSuSS9PU6g4Nt4e11cnsDUowfwewLA=
github.com/googleapis/gax-go/v2 v2.15.0 h1:SyjDc1mGgZU5LncH8gimWo9lW1DtIfPibOG81vgd/bo=
github.com/googleapis/gax-go/v2 v2.15.0/go.mod h1:zVVkkxAQHa1RQpg9z2AUCMnKhi0Qld9rcmyfL1OZhoc=
github.com/gorilla/websocket v1.5.3 h1:saDtZ6Pbx/0u+bgYQ3q96pZgCzfhKXGPqt7kZ72aNNg=
github.com/gorilla/websocket v1.5.3/go.mod h1:YR8l580nyteQvAITg2hZ9XVh4b55+EU/adAjf1fMHhE=
github.com/hashicorp/go-version v1.7.0 h1:5tqGy27NaOTB8yJKUZELlFAS/LTKJkrmONwQKeRZfjY=
github.com/hashicorp/go-version v1.7.0/go.mod h1:fltr4n8CU8Ke44wwGCBoEymUuxUHl09ZGVZPK5anwXA=
github.com/hashicorp/hcl/v2 v2.24.0 h1:2QJdZ454DSsYGoaE6QheQZjtKZSUs9Nh2izTWiwQxvE=
github.com/hashicorp/hcl/v2 v2.24.0/go.mod h1:oGoO1FIQYfn/AgyOhlg9qLC6/nOJPX3qGbkZpYAcqfM=
github.com/jbenet/go-context v0.0.0-20150711004518-d14ea06fba99 h1:BQSFePA1RWJOlocH6Fxy8MmwDt+yVQYULKfN0RoTN8A=
github.com/jbenet/go-context v0.0.0-20150711004518-d14ea06fba99/go.mod h1:1lJo3i6rXxKeerYnT8Nvf0QmHCRC1n8sfWVwXF2Frvo=
github.com/kevinburke/ssh_config v1.4.0 h1:6xxtP5bZ2E4NF5tuQulISpTO2z8XbtH8cg1PWkxoFkQ=
github.com/kevinburke/ssh_config v1.4.0/go.mod h1:q2RIzfka+BXARoNexmF9gkxEX7DmvbW9P4hIVx2Kg4M=
github.com/klauspost/cpuid/v2 v2.3.0 h1:S4CRMLnYUhGeDFDqkGriYKdfoFlDnMtqTiI/sFzhA9Y=
github.com/klauspost/cpuid/v2 v2.3.0/go.mod h1:hqwkgyIinND0mEev00jJYCxPNVRVXFQeu1XKlok6oO0=
github.com/kr/pretty v0.1.0/go.mod h1:dAy3ld7l9f0ibDNOQOHHMYYIIbhfbHSm3C4ZsoJORNo=
github.com/kr/pretty v0.3.1 h1:flRD4NNwYAUpkphVc1HcthR4KEIFJ65n8Mw5qdRn3LE=
github.com/kr/pretty v0.3.1/go.mod h1:hoEshYVHaxMs3cyo3Yncou5ZscifuDolrwPKZanG3xk=
github.com/kr/pty v1.1.1/go.mod h1:pFQYn66WHrOpPYNljwOMqo10TkYh1fy3cYio2l3bCsQ=
github.com/kr/text v0.1.0/go.mod h1:4Jbv+DJW3UT/LiOwJeYQe1efqtUx/iVham/4vfdArNI=
github.com/kr/text v0.2.0 h1:5Nx0Ya0ZqY2ygV366QzturHI13Jq95ApcVaJBhpS+AY=
github.com/kr/text v0.2.0/go.mod h1:eLer722TekiGuMkidMxC/pM04lWEeraHUUmBw8l2grE=
github.com/mitchellh/go-wordwrap v1.0.1 h1:TLuKupo69TCn6TQSyGxwI1EblZZEsQ0vMlAFQflz0v0=
github.com/mitchellh/go-wordwrap v1.0.1/go.mod h1:R62XHJLzvMFRBbcrT7m7WgmE1eOyTSsCt+hzestvNj0=
github.com/onsi/gomega v1.34.1 h1:EUMJIKUjM8sKjYbtxQI9A4z2o+rruxnzNvpknOXie6k=
github.com/onsi/gomega v1.34.1/go.mod h1:kU1QgUvBDLXBJq618Xvm2LUX6rSAfRaFRTcdOeDLwwY=
github.com/pjbgf/sha1cd v0.5.0 h1:a+UkboSi1znleCDUNT3M5YxjOnN1fz2FhN48FlwCxs0=
github.com/pjbgf/sha1cd v0.5.0/go.mod h1:lhpGlyHLpQZoxMv8HcgXvZEhcGs0PG/vsZnEJ7H0iCM=
github.com/pkg/errors v0.9.1 h1:FEBLx1zS214owpjy7qsBeixbURkuhQAwrK5UwLGTwt4=
github.com/pkg/errors v0.9.1/go.mod h1:bwawxfHBFNV+L2hUp1rHADufV3IMtnDRdf1r5NINEl0=
github.com/planetscale/vtprotobuf v0.6.1-0.20240319094008-0393e58bdf10 h1:GFCKgmp0tecUJ0sJuv4pzYCqS9+RGSn52M3FUwPs+uo=
github.com/planetscale/vtprotobuf v0.6.1-0.20240319094008-0393e58bdf10/go.mod h1:t/avpk3KcrXxUnYOhZhMXJlSEyie6gQbtLq5NM3loB8=
github.com/pmezard/go-difflib v1.0.0/go.mod h1:iKH77koFhYxTK1pcRnkKkqfTogsbg7gZNVY4sRDYZ/4=
github.com/pmezard/go-difflib v1.0.1-0.20181226105442-5d4384ee4fb2 h1:Jamvg5psRIccs7FGNTlIRMkT8wgtp5eCXdBlqhYGL6U=
github.com/pmezard/go-difflib v1.0.1-0.20181226105442-5d4384ee4fb2/go.mod h1:iKH77koFhYxTK1pcRnkKkqfTogsbg7gZNVY4sRDYZ/4=
github.com/rogpeppe/go-internal v1.14.1 h1:UQB4HGPB6osV0SQTLymcB4TgvyWu6ZyliaW0tI/otEQ=
github.com/rogpeppe/go-internal v1.14.1/go.mod h1:MaRKkUm5W0goXpeCfT7UZI6fk/L7L7so1lCWt35ZSgc=
github.com/sergi/go-diff v1.4.0 h1:n/SP9D5ad1fORl+llWyN+D6qoUETXNZARKjyY2/KVCw=
github.com/sergi/go-diff v1.4.0/go.mod h1:A0bzQcvG0E7Rwjx0REVgAGH58e96+X0MeOfepqsbeW4=
github.com/sirupsen/logrus v1.7.0/go.mod h1:yWOB1SBYBC5VeMP7gHvWumXLIWorT60ONWic61uBYv0=
github.com/skeema/knownhosts v1.3.2 h1:EDL9mgf4NzwMXCTfaxSD/o/a5fxDw/xL9nkU28JjdBg=
github.com/skeema/knownhosts v1.3.2/go.mod h1:bEg3iQAuw+jyiw+484wwFJoKSLwcfd7fqRy+N0QTiow=
github.com/slack-go/slack v0.17.3 h1:zV5qO3Q+WJAQ/XwbGfNFrRMaJ5T/naqaonyPV/1TP4g=
github.com/slack-go/slack v0.17.3/go.mod h1:X+UqOufi3LYQHDnMG1vxf0J8asC6+WllXrVrhl8/Prk=
github.com/spiffe/go-spiffe/v2 v2.6.0 h1:l+DolpxNWYgruGQVV0xsfeya3CsC7m8iBzDnMpsbLuo=
github.com/spiffe/go-spiffe/v2 v2.6.0/go.mod h1:gm2SeUoMZEtpnzPNs2Csc0D/gX33k1xIx7lEzqblHEs=
github.com/stretchr/objx v0.1.0/go.mod h1:HFkY916IF+rwdDfMAkV7OtwuqBVzrE8GR6GFx+wExME=
github.com/stretchr/objx v0.4.0/go.mod h1:YvHI0jy2hoMjB+UWwv71VJQ9isScKT/TqJzVSSt89Yw=
github.com/stretchr/objx v0.5.0/go.mod h1:Yh+to48EsGEfYuaHDzXPcE3xhTkx73EhmCGUpEOglKo=
github.com/stretchr/objx v0.5.2/go.mod h1:FRsXN1f5AsAjCGJKqEizvkpNtU+EGNCLh3NxZ/8L+MA=
github.com/stretchr/testify v1.2.2/go.mod h1:a8OnRcib4nhh0OaRAV+Yts87kKdq0PP7pXfy6kDkUVs=
github.com/stretchr/testify v1.4.0/go.mod h1:j7eGeouHqKxXV5pUuKE4zz7dFj8WfuZ+81PSLYec5m4=
github.com/stretchr/testify v1.7.1/go.mod h1:6Fq8oRcR53rry900zMqJjRRixrwX3KX962/h/Wwjteg=
github.com/stretchr/testify v1.8.0/go.mod h1:yNjHg4UonilssWZ8iaSj1OCr/vHnekPRkoO+kdMU+MU=
github.com/stretchr/testify v1.8.4/go.mod h1:sz/lmYIOXD/1dqDmKjjqLyZ2RngseejIcXlSw2iwfAo=
github.com/stretchr/testify v1.9.0/go.mod h1:r2ic/lqez/lEtzL7wO/rwa5dbSLXVDPFyf8C91i36aY=
github.com/stretchr/testify v1.11.1 h1:7s2iGBzp5EwR7/aIZr8ao5+dra3wiQyKjjFuvgVKu7U=
github.com/stretchr/testify v1.11.1/go.mod h1:wZwfW3scLgRK+23gO65QZefKpKQRnfz6sD981Nm4B6U=
github.com/urfave/cli/v3 v3.4.1 h1:1M9UOCy5bLmGnuu1yn3t3CB4rG79Rtoxuv1sPhnm6qM=
github.com/urfave/cli/v3 v3.4.1/go.mod h1:FJSKtM/9AiiTOJL4fJ6TbMUkxBXn7GO9guZqoZtpYpo=
github.com/xanzy/ssh-agent v0.3.3 h1:+/15pJfg/RsTxqYcX6fHqOXZwwMP+2VyYWJeWM2qQFM=
github.com/xanzy/ssh-agent v0.3.3/go.mod h1:6dzNDKs0J9rVPHPhaGCukekBHKqfl+L3KghI1Bc68Uw=
github.com/zclconf/go-cty v1.17.0 h1:seZvECve6XX4tmnvRzWtJNHdscMtYEx5R7bnnVyd/d0=
github.com/zclconf/go-cty v1.17.0/go.mod h1:wqFzcImaLTI6A5HfsRwB0nj5n0MRZFwmey8YoFPPs3U=
github.com/zclconf/go-cty-debug v0.0.0-20240509010212-0d6042c53940 h1:4r45xpDWB6ZMSMNJFMOjqrGHynW3DIBuR2H9j0ug+Mo=
github.com/zclconf/go-cty-debug v0.0.0-20240509010212-0d6042c53940/go.mod h1:CmBdvvj3nqzfzJ6nTCIwDTPZ56aVGvDrmztiO5g3qrM=
go.opentelemetry.io/auto/sdk v1.2.1 h1:jXsnJ4Lmnqd11kwkBV2LgLoFMZKizbCi5fNZ/ipaZ64=
go.opentelemetry.io/auto/sdk v1.2.1/go.mod h1:KRTj+aOaElaLi+wW1kO/DZRXwkF4C5xPbEe3ZiIhN7Y=
go.opentelemetry.io/contrib/detectors/gcp v1.38.0 h1:ZoYbqX7OaA/TAikspPl3ozPI6iY6LiIY9I8cUfm+pJs=
go.opentelemetry.io/contrib/detectors/gcp v1.38.0/go.mod h1:SU+iU7nu5ud4oCb3LQOhIZ3nRLj6FNVrKgtflbaf2ts=
go.opentelemetry.io/contrib/instrumentation/google.golang.org/grpc/otelgrpc v0.63.0 h1:YH4g8lQroajqUwWbq/tr2QX1JFmEXaDLgG+ew9bLMWo=
go.opentelemetry.io/contrib/instrumentation/google.golang.org/grpc/otelgrpc v0.63.0/go.mod h1:fvPi2qXDqFs8M4B4fmJhE92TyQs9Ydjlg3RvfUp+NbQ=
go.opentelemetry.io/contrib/instrumentation/net/http/otelhttp v0.63.0 h1:RbKq8BG0FI8OiXhBfcRtqqHcZcka+gU3cskNuf05R18=
go.opentelemetry.io/contrib/instrumentation/net/http/otelhttp v0.63.0/go.mod h1:h06DGIukJOevXaj/xrNjhi/2098RZzcLTbc0jDAUbsg=
go.opentelemetry.io/otel v1.38.0 h1:RkfdswUDRimDg0m2Az18RKOsnI8UDzppJAtj01/Ymk8=
go.opentelemetry.io/otel v1.38.0/go.mod h1:zcmtmQ1+YmQM9wrNsTGV/q/uyusom3P8RxwExxkZhjM=
go.opentelemetry.io/otel/exporters/stdout/stdoutmetric v1.36.0 h1:rixTyDGXFxRy1xzhKrotaHy3/KXdPhlWARrCgK+eqUY=
go.opentelemetry.io/otel/exporters/stdout/stdoutmetric v1.36.0/go.mod h1:dowW6UsM9MKbJq5JTz2AMVp3/5iW5I/TStsk8S+CfHw=
go.opentelemetry.io/otel/metric v1.38.0 h1:Kl6lzIYGAh5M159u9NgiRkmoMKjvbsKtYRwgfrA6WpA=
go.opentelemetry.io/otel/metric v1.38.0/go.mod h1:kB5n/QoRM8YwmUahxvI3bO34eVtQf2i4utNVLr9gEmI=
go.opentelemetry.io/otel/sdk v1.38.0 h1:l48sr5YbNf2hpCUj/FoGhW9yDkl+Ma+LrVl8qaM5b+E=
go.opentelemetry.io/otel/sdk v1.38.0/go.mod h1:ghmNdGlVemJI3+ZB5iDEuk4bWA3GkTpW+DOoZMYBVVg=
go.opentelemetry.io/otel/sdk/metric v1.38.0 h1:aSH66iL0aZqo//xXzQLYozmWrXxyFkBJ6qT5wthqPoM=
go.opentelemetry.io/otel/sdk/metric v1.38.0/go.mod h1:dg9PBnW9XdQ1Hd6ZnRz689CbtrUp0wMMs9iPcgT9EZA=
go.opentelemetry.io/otel/trace v1.38.0 h1:Fxk5bKrDZJUH+AMyyIXGcFAPah0oRcT+LuNtJrmcNLE=
go.opentelemetry.io/otel/trace v1.38.0/go.mod h1:j1P9ivuFsTceSWe1oY+EeW3sc+Pp42sO++GHkg4wwhs=
golang.org/x/crypto v0.0.0-20220622213112-05595931fe9d/go.mod h1:IxCIyHEi3zRg3s0A5j5BB6A9Jmi73HwBIUl50j+osU4=
golang.org/x/crypto v0.43.0 h1:dduJYIi3A3KOfdGOHX8AVZ/jGiyPa3IbBozJ5kNuE04=
golang.org/x/crypto v0.43.0/go.mod h1:BFbav4mRNlXJL4wNeejLpWxB7wMbc79PdRGhWKncxR0=
golang.org/x/exp v0.0.0-20240719175910-8a7402abbf56 h1:2dVuKD2vS7b0QIHQbpyTISPd0LeHDbnYEryqj5Q1ug8=
golang.org/x/exp v0.0.0-20240719175910-8a7402abbf56/go.mod h1:M4RDyNAINzryxdtnbRXRL/OHtkFuWGRjvuhBJpk2IlY=
golang.org/x/mod v0.29.0 h1:HV8lRxZC4l2cr3Zq1LvtOsi/ThTgWnUk/y64QSs8GwA=
golang.org/x/mod v0.29.0/go.mod h1:NyhrlYXJ2H4eJiRy/WDBO6HMqZQ6q9nk4JzS3NuCK+w=
golang.org/x/net v0.0.0-20211112202133-69e39bad7dc2/go.mod h1:9nx3DQGgdP8bBQD5qxJ1jj9UTztislL4KSBs9R2vV5Y=
golang.org/x/net v0.46.0 h1:giFlY12I07fugqwPuWJi68oOnpfqFnJIJzaIIm2JVV4=
golang.org/x/net v0.46.0/go.mod h1:Q9BGdFy1y4nkUwiLvT5qtyhAnEHgnQ/zd8PfU6nc210=
golang.org/x/oauth2 v0.32.0 h1:jsCblLleRMDrxMN29H3z/k1KliIvpLgCkE6R8FXXNgY=
golang.org/x/oauth2 v0.32.0/go.mod h1:lzm5WQJQwKZ3nwavOZ3IS5Aulzxi68dUSgRHujetwEA=
golang.org/x/sync v0.17.0 h1:l60nONMj9l5drqw6jlhIELNv9I0A4OFgRsG9k2oT9Ug=
golang.org/x/sync v0.17.0/go.mod h1:9KTHXmSnoGruLpwFjVSX0lNNA75CykiMECbovNTZqGI=
golang.org/x/sys v0.0.0-20191026070338-33540a1f6037/go.mod h1:h1NjWce9XRLGQEsW7wpKNCjG9DtNlClVuFLEZdDNbEs=
golang.org/x/sys v0.0.0-20201119102817-f84b799fce68/go.mod h1:h1NjWce9XRLGQEsW7wpKNCjG9DtNlClVuFLEZdDNbEs=
golang.org/x/sys v0.0.0-20210124154548-22da62e12c0c/go.mod h1:h1NjWce9XRLGQEsW7wpKNCjG9DtNlClVuFLEZdDNbEs=
golang.org/x/sys v0.0.0-20210423082822-04245dca01da/go.mod h1:h1NjWce9XRLGQEsW7wpKNCjG9DtNlClVuFLEZdDNbEs=
golang.org/x/sys v0.0.0-20210615035016-665e8c7367d1/go.mod h1:oPkhp1MJrh7nUepCBck5+mAzfO9JrbApNNgaTdGDITg=
golang.org/x/sys v0.0.0-20220715151400-c0bba94af5f8/go.mod h1:oPkhp1MJrh7nUepCBck5+mAzfO9JrbApNNgaTdGDITg=
golang.org/x/sys v0.37.0 h1:fdNQudmxPjkdUTPnLn5mdQv7Zwvbvpaxqs831goi9kQ=
golang.org/x/sys v0.37.0/go.mod h1:OgkHotnGiDImocRcuBABYBEXf8A9a87e/uXjp9XT3ks=
golang.org/x/term v0.0.0-20201126162022-7de9c90e9dd1/go.mod h1:bj7SfCRtBDWHUb9snDiAeCFNEtKQo2Wmx5Cou7ajbmo=
golang.org/x/term v0.36.0 h1:zMPR+aF8gfksFprF/Nc/rd1wRS1EI6nDBGyWAvDzx2Q=
golang.org/x/term v0.36.0/go.mod h1:Qu394IJq6V6dCBRgwqshf3mPF85AqzYEzofzRdZkWss=
golang.org/x/text v0.3.6/go.mod h1:5Zoc/QRtKVWzQhOtBMvqHzDpF6irO9z98xDceosuGiQ=
golang.org/x/text v0.30.0 h1:yznKA/E9zq54KzlzBEAWn1NXSQ8DIp/NYMy88xJjl4k=
golang.org/x/text v0.30.0/go.mod h1:yDdHFIX9t+tORqspjENWgzaCVXgk0yYnYuSZ8UzzBVM=
golang.org/x/time v0.14.0 h1:MRx4UaLrDotUKUdCIqzPC48t1Y9hANFKIRpNx+Te8PI=
golang.org/x/time v0.14.0/go.mod h1:eL/Oa2bBBK0TkX57Fyni+NgnyQQN4LitPmob2Hjnqw4=
golang.org/x/tools v0.0.0-20180917221912-90fa682c2a6e/go.mod h1:n7NCudcB/nEzxVGmLbDWY5pfWTLqBcC2KZ6jyYvM4mQ=
golang.org/x/tools v0.38.0 h1:Hx2Xv8hISq8Lm16jvBZ2VQf+RLmbd7wVUsALibYI/IQ=
golang.org/x/tools v0.38.0/go.mod h1:yEsQ/d/YK8cjh0L6rZlY8tgtlKiBNTL14pGDJPJpYQs=
gonum.org/v1/gonum v0.16.0 h1:5+ul4Swaf3ESvrOnidPp4GZbzf0mxVQpDCYUQE7OJfk=
gonum.org/v1/gonum v0.16.0/go.mod h1:fef3am4MQ93R2HHpKnLk4/Tbh/s0+wqD5nfa6Pnwy4E=
google.golang.org/api v0.252.0 h1:xfKJeAJaMwb8OC9fesr369rjciQ704AjU/psjkKURSI=
google.golang.org/api v0.252.0/go.mod h1:dnHOv81x5RAmumZ7BWLShB/u7JZNeyalImxHmtTHxqw=
google.golang.org/genproto v0.0.0-20251014184007-4626949a642f h1:vLd1CJuJOUgV6qijD7KT5Y2ZtC97ll4dxjTUappMnbo=
google.golang.org/genproto v0.0.0-20251014184007-4626949a642f/go.mod h1:PI3KrSadr00yqfv6UDvgZGFsmLqeRIwt8x4p5Oo7CdM=
google.golang.org/genproto/googleapis/api v0.0.0-20251014184007-4626949a642f h1:OiFuztEyBivVKDvguQJYWq1yDcfAHIID/FVrPR4oiI0=
google.golang.org/genproto/googleapis/api v0.0.0-20251014184007-4626949a642f/go.mod h1:kprOiu9Tr0JYyD6DORrc4Hfyk3RFXqkQ3ctHEum3ZbM=
google.golang.org/genproto/googleapis/rpc v0.0.0-20251014184007-4626949a642f h1:1FTH6cpXFsENbPR5Bu8NQddPSaUUE6NA2XdZdDSAJK4=
google.golang.org/genproto/googleapis/rpc v0.0.0-20251014184007-4626949a642f/go.mod h1:7i2o+ce6H/6BluujYR+kqX3GKH+dChPTQU19wjRPiGk=
google.golang.org/grpc v1.76.0 h1:UnVkv1+uMLYXoIz6o7chp59WfQUYA2ex/BXQ9rHZu7A=
google.golang.org/grpc v1.76.0/go.mod h1:Ju12QI8M6iQJtbcsV+awF5a4hfJMLi4X0JLo94ULZ6c=
google.golang.org/protobuf v1.36.10 h1:AYd7cD/uASjIL6Q9LiTjz8JLcrh/88q5UObnmY3aOOE=
google.golang.org/protobuf v1.36.10/go.mod h1:HTf+CrKn2C3g5S8VImy6tdcUvCska2kB7j23XfzDpco=
gopkg.in/check.v1 v0.0.0-20161208181325-20d25e280405/go.mod h1:Co6ibVJAznAaIkqp8huTwlJQCZ016jof/cbN4VW5Yz0=
gopkg.in/check.v1 v1.0.0-20190902080502-41f04d3bba15/go.mod h1:Co6ibVJAznAaIkqp8huTwlJQCZ016jof/cbN4VW5Yz0=
gopkg.in/check.v1 v1.0.0-20201130134442-10cb98267c6c h1:Hei/4ADfdWqJk1ZMxUNpqntNwaWcugrBjAiHlqqRiVk=
gopkg.in/check.v1 v1.0.0-20201130134442-10cb98267c6c/go.mod h1:JHkPIbrfpd72SG/EVd6muEfDQjcINNoR0C8j2r3qZ4Q=
gopkg.in/warnings.v0 v0.1.2 h1:wFXVbFY8DY5/xOe1ECiWdKCzZlxgshcYVNkBHstARME=
gopkg.in/warnings.v0 v0.1.2/go.mod h1:jksf8JmL6Qr/oQM2OXTHunEvvTAsrWBLb6OOjuVWRNI=
gopkg.in/yaml.v2 v2.2.2/go.mod h1:hI93XBmqTisBFMUTm0b8Fm+jr3Dg1NNxqwp+5A1VGuI=
gopkg.in/yaml.v2 v2.4.0/go.mod h1:RDklbk79AGWmwhnvt/jBztapEOGDOx6ZbXqjP6csGnQ=
gopkg.in/yaml.v3 v3.0.0-20200313102051-9f266ea9e77c/go.mod h1:K4uyk7z7BCEPqu6E+C64Yfv1cQ7kz7rIZviUmN+EgEM=
gopkg.in/yaml.v3 v3.0.1 h1:fxVm/GzAzEWqLHuvctI91KS9hhNmmWOoWu0XTYJS7CA=
gopkg.in/yaml.v3 v3.0.1/go.mod h1:K4uyk7z7BCEPqu6E+C64Yfv1cQ7kz7rIZviUmN+EgEM=
